
Microsoft Visual Studio Solution File, Format Version 12.00
# Visual Studio Version 17
VisualStudioVersion = 17.4.33110.190
MinimumVisualStudioVersion = 10.0.40219.1
Project("{2150E333-8FDC-42A3-9474-1A3956D46DE8}") = "common", "common", "{4B1B7D85-9A4D-4ECC-B361-5D7E24429657}"
	ProjectSection(SolutionItems) = preProject
		.editorconfig = .editorconfig
		CHANGELOG.md = CHANGELOG.md
		Directory.Build.props = Directory.Build.props
		LICENSE = LICENSE
		README.md = README.md
		sample02.png = sample02.png
		tech-stuff.md = tech-stuff.md
	EndProjectSection
EndProject
Project("{2150E333-8FDC-42A3-9474-1A3956D46DE8}") = "src", "src", "{4B42857C-FD8E-4EB6-B9D6-200FD3E19168}"
EndProject
Project("{2150E333-8FDC-42A3-9474-1A3956D46DE8}") = "tests", "tests", "{9C59A7AC-5C91-4BC5-97B7-72B20D752B2C}"
EndProject
Project("{9A19103F-16F7-4668-BE54-9A1E7A4F7556}") = "Vertr.Exchange.Contracts", "src\Vertr.Exchange.Contracts\Vertr.Exchange.Contracts.csproj", "{FE5FFD2C-859F-48AD-9DE6-5ED7976A87CC}"
EndProject
Project("{2150E333-8FDC-42A3-9474-1A3956D46DE8}") = "Terminal", "Terminal", "{FBA1A7D1-9962-41D1-BBC9-4D2A3AEA1E44}"
EndProject
Project("{2150E333-8FDC-42A3-9474-1A3956D46DE8}") = "Shared", "Shared", "{2E47474D-F9E3-49FD-816F-24CF3916ED4B}"
EndProject
Project("{9A19103F-16F7-4668-BE54-9A1E7A4F7556}") = "Vertr.Terminal.ApiClient", "src\Vertr.Terminal.ApiClient\Vertr.Terminal.ApiClient.csproj", "{182502EC-22B1-4BEB-A51F-37BCA5DE628D}"
EndProject
Project("{9A19103F-16F7-4668-BE54-9A1E7A4F7556}") = "Vertr.Terminal.ConsoleApp", "src\Vertr.Terminal.ConsoleApp\Vertr.Terminal.ConsoleApp.csproj", "{F52D834E-8ACF-47FD-8795-71BBEAF610EE}"
EndProject
Project("{9A19103F-16F7-4668-BE54-9A1E7A4F7556}") = "Vertr.Terminal.Server", "src\Vertr.Terminal.Server\Vertr.Terminal.Server.csproj", "{19FB58D1-2148-4538-AD44-AAA3CF301AF4}"
EndProject
Project("{9A19103F-16F7-4668-BE54-9A1E7A4F7556}") = "Vertr.Exchange.Shared", "src\Vertr.Exchange.Shared\Vertr.Exchange.Shared.csproj", "{EAE7CF7E-C3D5-463E-BF4B-4CB7D38B3D02}"
EndProject
Project("{2150E333-8FDC-42A3-9474-1A3956D46DE8}") = "Terminal", "Terminal", "{6F3BDA1E-685C-4FEC-8216-577FE361D343}"
EndProject
Project("{9A19103F-16F7-4668-BE54-9A1E7A4F7556}") = "Vertr.Terminal.Server.Tests", "tests\Vertr.Terminal.Server.Tests\Vertr.Terminal.Server.Tests.csproj", "{05FE7C4E-882F-4825-8671-A8D2B0080B6D}"
EndProject
Project("{9A19103F-16F7-4668-BE54-9A1E7A4F7556}") = "Vertr.Terminal.ExchangeClient", "src\Vertr.Terminal.ExchangeClient\Vertr.Terminal.ExchangeClient.csproj", "{F42AC9F0-E2CF-406F-8EAB-7B76A837E2D1}"
EndProject
Project("{9A19103F-16F7-4668-BE54-9A1E7A4F7556}") = "Vertr.Terminal.Domain", "src\Vertr.Terminal.Domain\Vertr.Terminal.Domain.csproj", "{E516CE25-55C4-4F1E-91E7-735815E9C78A}"
EndProject
Project("{9A19103F-16F7-4668-BE54-9A1E7A4F7556}") = "Vertr.Terminal.Application", "src\Vertr.Terminal.Application\Vertr.Terminal.Application.csproj", "{0DE876CF-1325-4274-A171-0EF0CF30FA20}"
EndProject
Project("{9A19103F-16F7-4668-BE54-9A1E7A4F7556}") = "Vertr.Terminal.DataAccess.InMemory", "src\Vertr.Terminal.DataAccess.InMemory\Vertr.Terminal.DataAccess.InMemory.csproj", "{A77F61C4-7D3E-4AFF-9B62-6573E63ADE56}"
EndProject
Project("{2150E333-8FDC-42A3-9474-1A3956D46DE8}") = "Domain", "Domain", "{956D14F2-2C85-4ACA-87C1-211E09A2565F}"
EndProject
Project("{2150E333-8FDC-42A3-9474-1A3956D46DE8}") = "Application", "Application", "{BB5C0C24-2B44-469C-9501-A98B0CAAB44E}"
EndProject
Project("{2150E333-8FDC-42A3-9474-1A3956D46DE8}") = "Infrastructure", "Infrastructure", "{1B863FC4-61EB-44EC-A3E6-3CFB31967184}"
EndProject
Project("{2150E333-8FDC-42A3-9474-1A3956D46DE8}") = "Adapters", "Adapters", "{AF8BB5F7-76B9-41B2-B0A3-D735C58DC593}"
EndProject
Project("{9A19103F-16F7-4668-BE54-9A1E7A4F7556}") = "Vertr.Terminal.ApiClient.Tests", "tests\Vertr.Terminal.ApiClient.Tests\Vertr.Terminal.ApiClient.Tests.csproj", "{827E75F4-08C7-45A4-AA91-19DAE194A407}"
EndProject
Project("{9A19103F-16F7-4668-BE54-9A1E7A4F7556}") = "Vertr.Terminal.DataAccess.InMemory.Tests", "tests\Vertr.Terminal.DataAccess.InMemory.Tests\Vertr.Terminal.DataAccess.InMemory.Tests.csproj", "{A40FDA8B-BBBA-4B10-AA0A-61C5635ED9FA}"
EndProject
Global
	GlobalSection(SolutionConfigurationPlatforms) = preSolution
		Debug|Any CPU = Debug|Any CPU
		Release|Any CPU = Release|Any CPU
	EndGlobalSection
	GlobalSection(ProjectConfigurationPlatforms) = postSolution
		{FE5FFD2C-859F-48AD-9DE6-5ED7976A87CC}.Debug|Any CPU.ActiveCfg = Debug|Any CPU
		{FE5FFD2C-859F-48AD-9DE6-5ED7976A87CC}.Debug|Any CPU.Build.0 = Debug|Any CPU
		{FE5FFD2C-859F-48AD-9DE6-5ED7976A87CC}.Release|Any CPU.ActiveCfg = Release|Any CPU
		{FE5FFD2C-859F-48AD-9DE6-5ED7976A87CC}.Release|Any CPU.Build.0 = Release|Any CPU
		{182502EC-22B1-4BEB-A51F-37BCA5DE628D}.Debug|Any CPU.ActiveCfg = Debug|Any CPU
		{182502EC-22B1-4BEB-A51F-37BCA5DE628D}.Debug|Any CPU.Build.0 = Debug|Any CPU
		{182502EC-22B1-4BEB-A51F-37BCA5DE628D}.Release|Any CPU.ActiveCfg = Release|Any CPU
		{182502EC-22B1-4BEB-A51F-37BCA5DE628D}.Release|Any CPU.Build.0 = Release|Any CPU
		{F52D834E-8ACF-47FD-8795-71BBEAF610EE}.Debug|Any CPU.ActiveCfg = Debug|Any CPU
		{F52D834E-8ACF-47FD-8795-71BBEAF610EE}.Debug|Any CPU.Build.0 = Debug|Any CPU
		{F52D834E-8ACF-47FD-8795-71BBEAF610EE}.Release|Any CPU.ActiveCfg = Release|Any CPU
		{F52D834E-8ACF-47FD-8795-71BBEAF610EE}.Release|Any CPU.Build.0 = Release|Any CPU
		{19FB58D1-2148-4538-AD44-AAA3CF301AF4}.Debug|Any CPU.ActiveCfg = Debug|Any CPU
		{19FB58D1-2148-4538-AD44-AAA3CF301AF4}.Debug|Any CPU.Build.0 = Debug|Any CPU
		{19FB58D1-2148-4538-AD44-AAA3CF301AF4}.Release|Any CPU.ActiveCfg = Release|Any CPU
		{19FB58D1-2148-4538-AD44-AAA3CF301AF4}.Release|Any CPU.Build.0 = Release|Any CPU
		{EAE7CF7E-C3D5-463E-BF4B-4CB7D38B3D02}.Debug|Any CPU.ActiveCfg = Debug|Any CPU
		{EAE7CF7E-C3D5-463E-BF4B-4CB7D38B3D02}.Debug|Any CPU.Build.0 = Debug|Any CPU
		{EAE7CF7E-C3D5-463E-BF4B-4CB7D38B3D02}.Release|Any CPU.ActiveCfg = Release|Any CPU
		{EAE7CF7E-C3D5-463E-BF4B-4CB7D38B3D02}.Release|Any CPU.Build.0 = Release|Any CPU
		{05FE7C4E-882F-4825-8671-A8D2B0080B6D}.Debug|Any CPU.ActiveCfg = Debug|Any CPU
		{05FE7C4E-882F-4825-8671-A8D2B0080B6D}.Debug|Any CPU.Build.0 = Debug|Any CPU
		{05FE7C4E-882F-4825-8671-A8D2B0080B6D}.Release|Any CPU.ActiveCfg = Release|Any CPU
		{05FE7C4E-882F-4825-8671-A8D2B0080B6D}.Release|Any CPU.Build.0 = Release|Any CPU
		{F42AC9F0-E2CF-406F-8EAB-7B76A837E2D1}.Debug|Any CPU.ActiveCfg = Debug|Any CPU
		{F42AC9F0-E2CF-406F-8EAB-7B76A837E2D1}.Debug|Any CPU.Build.0 = Debug|Any CPU
		{F42AC9F0-E2CF-406F-8EAB-7B76A837E2D1}.Release|Any CPU.ActiveCfg = Release|Any CPU
		{F42AC9F0-E2CF-406F-8EAB-7B76A837E2D1}.Release|Any CPU.Build.0 = Release|Any CPU
		{E516CE25-55C4-4F1E-91E7-735815E9C78A}.Debug|Any CPU.ActiveCfg = Debug|Any CPU
		{E516CE25-55C4-4F1E-91E7-735815E9C78A}.Debug|Any CPU.Build.0 = Debug|Any CPU
		{E516CE25-55C4-4F1E-91E7-735815E9C78A}.Release|Any CPU.ActiveCfg = Release|Any CPU
		{E516CE25-55C4-4F1E-91E7-735815E9C78A}.Release|Any CPU.Build.0 = Release|Any CPU
		{0DE876CF-1325-4274-A171-0EF0CF30FA20}.Debug|Any CPU.ActiveCfg = Debug|Any CPU
		{0DE876CF-1325-4274-A171-0EF0CF30FA20}.Debug|Any CPU.Build.0 = Debug|Any CPU
		{0DE876CF-1325-4274-A171-0EF0CF30FA20}.Release|Any CPU.ActiveCfg = Release|Any CPU
		{0DE876CF-1325-4274-A171-0EF0CF30FA20}.Release|Any CPU.Build.0 = Release|Any CPU
		{A77F61C4-7D3E-4AFF-9B62-6573E63ADE56}.Debug|Any CPU.ActiveCfg = Debug|Any CPU
		{A77F61C4-7D3E-4AFF-9B62-6573E63ADE56}.Debug|Any CPU.Build.0 = Debug|Any CPU
		{A77F61C4-7D3E-4AFF-9B62-6573E63ADE56}.Release|Any CPU.ActiveCfg = Release|Any CPU
		{A77F61C4-7D3E-4AFF-9B62-6573E63ADE56}.Release|Any CPU.Build.0 = Release|Any CPU
		{827E75F4-08C7-45A4-AA91-19DAE194A407}.Debug|Any CPU.ActiveCfg = Debug|Any CPU
		{827E75F4-08C7-45A4-AA91-19DAE194A407}.Debug|Any CPU.Build.0 = Debug|Any CPU
		{827E75F4-08C7-45A4-AA91-19DAE194A407}.Release|Any CPU.ActiveCfg = Release|Any CPU
		{827E75F4-08C7-45A4-AA91-19DAE194A407}.Release|Any CPU.Build.0 = Release|Any CPU
		{A40FDA8B-BBBA-4B10-AA0A-61C5635ED9FA}.Debug|Any CPU.ActiveCfg = Debug|Any CPU
		{A40FDA8B-BBBA-4B10-AA0A-61C5635ED9FA}.Debug|Any CPU.Build.0 = Debug|Any CPU
		{A40FDA8B-BBBA-4B10-AA0A-61C5635ED9FA}.Release|Any CPU.ActiveCfg = Release|Any CPU
		{A40FDA8B-BBBA-4B10-AA0A-61C5635ED9FA}.Release|Any CPU.Build.0 = Release|Any CPU
	EndGlobalSection
	GlobalSection(SolutionProperties) = preSolution
		HideSolutionNode = FALSE
	EndGlobalSection
	GlobalSection(NestedProjects) = preSolution
		{FE5FFD2C-859F-48AD-9DE6-5ED7976A87CC} = {2E47474D-F9E3-49FD-816F-24CF3916ED4B}
		{FBA1A7D1-9962-41D1-BBC9-4D2A3AEA1E44} = {4B42857C-FD8E-4EB6-B9D6-200FD3E19168}
		{2E47474D-F9E3-49FD-816F-24CF3916ED4B} = {4B42857C-FD8E-4EB6-B9D6-200FD3E19168}
		{182502EC-22B1-4BEB-A51F-37BCA5DE628D} = {1B863FC4-61EB-44EC-A3E6-3CFB31967184}
		{F52D834E-8ACF-47FD-8795-71BBEAF610EE} = {1B863FC4-61EB-44EC-A3E6-3CFB31967184}
		{19FB58D1-2148-4538-AD44-AAA3CF301AF4} = {1B863FC4-61EB-44EC-A3E6-3CFB31967184}
		{EAE7CF7E-C3D5-463E-BF4B-4CB7D38B3D02} = {2E47474D-F9E3-49FD-816F-24CF3916ED4B}
		{6F3BDA1E-685C-4FEC-8216-577FE361D343} = {9C59A7AC-5C91-4BC5-97B7-72B20D752B2C}
		{05FE7C4E-882F-4825-8671-A8D2B0080B6D} = {6F3BDA1E-685C-4FEC-8216-577FE361D343}
		{F42AC9F0-E2CF-406F-8EAB-7B76A837E2D1} = {AF8BB5F7-76B9-41B2-B0A3-D735C58DC593}
		{E516CE25-55C4-4F1E-91E7-735815E9C78A} = {956D14F2-2C85-4ACA-87C1-211E09A2565F}
		{0DE876CF-1325-4274-A171-0EF0CF30FA20} = {BB5C0C24-2B44-469C-9501-A98B0CAAB44E}
		{A77F61C4-7D3E-4AFF-9B62-6573E63ADE56} = {AF8BB5F7-76B9-41B2-B0A3-D735C58DC593}
		{956D14F2-2C85-4ACA-87C1-211E09A2565F} = {FBA1A7D1-9962-41D1-BBC9-4D2A3AEA1E44}
		{BB5C0C24-2B44-469C-9501-A98B0CAAB44E} = {FBA1A7D1-9962-41D1-BBC9-4D2A3AEA1E44}
		{1B863FC4-61EB-44EC-A3E6-3CFB31967184} = {FBA1A7D1-9962-41D1-BBC9-4D2A3AEA1E44}
		{AF8BB5F7-76B9-41B2-B0A3-D735C58DC593} = {1B863FC4-61EB-44EC-A3E6-3CFB31967184}
		{827E75F4-08C7-45A4-AA91-19DAE194A407} = {6F3BDA1E-685C-4FEC-8216-577FE361D343}
		{A40FDA8B-BBBA-4B10-AA0A-61C5635ED9FA} = {6F3BDA1E-685C-4FEC-8216-577FE361D343}
	EndGlobalSection
	GlobalSection(ExtensibilityGlobals) = postSolution
		SolutionGuid = {AED32BEA-7168-480C-BA57-E1182383356F}
	EndGlobalSection
EndGlobal
