
Microsoft Visual Studio Solution File, Format Version 12.00
# Visual Studio Version 17
VisualStudioVersion = 17.4.33110.190
MinimumVisualStudioVersion = 10.0.40219.1
Project("{2150E333-8FDC-42A3-9474-1A3956D46DE8}") = "common", "common", "{4B1B7D85-9A4D-4ECC-B361-5D7E24429657}"
	ProjectSection(SolutionItems) = preProject
		.editorconfig = .editorconfig
		CHANGELOG.md = CHANGELOG.md
		Directory.Build.props = Directory.Build.props
		LICENSE = LICENSE
		README.md = README.md
		sample02.png = sample02.png
		tech-stuff.md = tech-stuff.md
	EndProjectSection
EndProject
Project("{2150E333-8FDC-42A3-9474-1A3956D46DE8}") = "src", "src", "{4B42857C-FD8E-4EB6-B9D6-200FD3E19168}"
EndProject
Project("{2150E333-8FDC-42A3-9474-1A3956D46DE8}") = "tests", "tests", "{9C59A7AC-5C91-4BC5-97B7-72B20D752B2C}"
EndProject
Project("{9A19103F-16F7-4668-BE54-9A1E7A4F7556}") = "Vertr.Exchange.Domain.Common", "src\Vertr.Exchange.Domain.Common\Vertr.Exchange.Domain.Common.csproj", "{B6622C2A-0BDA-4C7D-AB5B-04E0D968D005}"
EndProject
Project("{9A19103F-16F7-4668-BE54-9A1E7A4F7556}") = "Vertr.Exchange.Domain.MatchingEngine", "src\Vertr.Exchange.Domain.MatchingEngine\Vertr.Exchange.Domain.MatchingEngine.csproj", "{A8AB2EF0-5F15-412B-84C0-494B6505B817}"
EndProject
Project("{9A19103F-16F7-4668-BE54-9A1E7A4F7556}") = "Vertr.Exchange.Domain.MatchingEngine.Tests", "tests\Vertr.Exchange.Domain.MatchingEngine.Tests\Vertr.Exchange.Domain.MatchingEngine.Tests.csproj", "{25138090-ED8C-47EC-A879-5394878A79C3}"
EndProject
Project("{9A19103F-16F7-4668-BE54-9A1E7A4F7556}") = "Vertr.Exchange.Domain.RiskEngine", "src\Vertr.Exchange.Domain.RiskEngine\Vertr.Exchange.Domain.RiskEngine.csproj", "{B3C8793D-E038-4E92-B5EA-897CE5BFB597}"
EndProject
Project("{9A19103F-16F7-4668-BE54-9A1E7A4F7556}") = "Vertr.Exchange.Domain.RiskEngine.Tests", "tests\Vertr.Exchange.Domain.RiskEngine.Tests\Vertr.Exchange.Domain.RiskEngine.Tests.csproj", "{699B713F-B7C5-4083-98EB-82EEBC44287A}"
EndProject
Project("{9A19103F-16F7-4668-BE54-9A1E7A4F7556}") = "Vertr.Exchange.Domain.Accounts", "src\Vertr.Exchange.Domain.Accounts\Vertr.Exchange.Domain.Accounts.csproj", "{7307115F-90CF-4E19-B169-BDEC51414762}"
EndProject
Project("{9A19103F-16F7-4668-BE54-9A1E7A4F7556}") = "Vertr.Exchange.Domain.Accounts.Tests", "tests\Vertr.Exchange.Domain.Accounts.Tests\Vertr.Exchange.Domain.Accounts.Tests.csproj", "{4679BAF2-E29E-4154-9BAD-FC29382FE24F}"
EndProject
Project("{9A19103F-16F7-4668-BE54-9A1E7A4F7556}") = "Vertr.Exchange.Application.Tests", "tests\Vertr.Exchange.Application.Tests\Vertr.Exchange.Application.Tests.csproj", "{3BB685ED-65EF-4487-8187-D1E732376BFF}"
EndProject
Project("{9A19103F-16F7-4668-BE54-9A1E7A4F7556}") = "Vertr.Exchange.Application", "src\Vertr.Exchange.Application\Vertr.Exchange.Application.csproj", "{C731C3FD-CDFC-4E65-A217-A70ADEA16736}"
EndProject
Project("{9A19103F-16F7-4668-BE54-9A1E7A4F7556}") = "Vertr.Exchange.Server", "src\Vertr.Exchange.Server\Vertr.Exchange.Server.csproj", "{4701020F-5C78-433C-B798-0E1C78C9E1BA}"
EndProject
Project("{9A19103F-16F7-4668-BE54-9A1E7A4F7556}") = "Vertr.Exchange.Contracts", "src\Vertr.Exchange.Contracts\Vertr.Exchange.Contracts.csproj", "{FE5FFD2C-859F-48AD-9DE6-5ED7976A87CC}"
EndProject
Project("{2150E333-8FDC-42A3-9474-1A3956D46DE8}") = "Client", "Client", "{2E47474D-F9E3-49FD-816F-24CF3916ED4B}"
EndProject
Project("{9A19103F-16F7-4668-BE54-9A1E7A4F7556}") = "Vertr.Exchange.Adapters.SignalR", "src\Vertr.Exchange.Adapters.SignalR\Vertr.Exchange.Adapters.SignalR.csproj", "{7B62A5D9-1D89-4F17-AEF2-04688AEEF948}"
EndProject
Project("{2150E333-8FDC-42A3-9474-1A3956D46DE8}") = "Hosts", "Hosts", "{B016A6FE-989C-4D52-B95D-C64C63BC8BB2}"
EndProject
Project("{2150E333-8FDC-42A3-9474-1A3956D46DE8}") = "samples", "samples", "{86970473-71D7-4657-AF44-39F7FDA85D45}"
EndProject
Project("{FAE04EC0-301F-11D3-BF4B-00C04F79EFBC}") = "Vertr.Exchange.ConsoleApp", "samples\Vertr.Exchange.ConsoleApp\Vertr.Exchange.ConsoleApp.csproj", "{74EDDB3F-5656-4F67-A37B-3797E6E76471}"
EndProject
Project("{FAE04EC0-301F-11D3-BF4B-00C04F79EFBC}") = "Vertr.Exchange.SignalRClient", "src\Vertr.Exchange.SignalRClient\Vertr.Exchange.SignalRClient.csproj", "{F40D6BC4-4343-4B76-B59F-12F3D629795B}"
EndProject
Global
	GlobalSection(SolutionConfigurationPlatforms) = preSolution
		Debug|Any CPU = Debug|Any CPU
		Release|Any CPU = Release|Any CPU
	EndGlobalSection
	GlobalSection(ProjectConfigurationPlatforms) = postSolution
		{B6622C2A-0BDA-4C7D-AB5B-04E0D968D005}.Debug|Any CPU.ActiveCfg = Debug|Any CPU
		{B6622C2A-0BDA-4C7D-AB5B-04E0D968D005}.Debug|Any CPU.Build.0 = Debug|Any CPU
		{B6622C2A-0BDA-4C7D-AB5B-04E0D968D005}.Release|Any CPU.ActiveCfg = Release|Any CPU
		{B6622C2A-0BDA-4C7D-AB5B-04E0D968D005}.Release|Any CPU.Build.0 = Release|Any CPU
		{A8AB2EF0-5F15-412B-84C0-494B6505B817}.Debug|Any CPU.ActiveCfg = Debug|Any CPU
		{A8AB2EF0-5F15-412B-84C0-494B6505B817}.Debug|Any CPU.Build.0 = Debug|Any CPU
		{A8AB2EF0-5F15-412B-84C0-494B6505B817}.Release|Any CPU.ActiveCfg = Release|Any CPU
		{A8AB2EF0-5F15-412B-84C0-494B6505B817}.Release|Any CPU.Build.0 = Release|Any CPU
		{25138090-ED8C-47EC-A879-5394878A79C3}.Debug|Any CPU.ActiveCfg = Debug|Any CPU
		{25138090-ED8C-47EC-A879-5394878A79C3}.Debug|Any CPU.Build.0 = Debug|Any CPU
		{25138090-ED8C-47EC-A879-5394878A79C3}.Release|Any CPU.ActiveCfg = Release|Any CPU
		{25138090-ED8C-47EC-A879-5394878A79C3}.Release|Any CPU.Build.0 = Release|Any CPU
		{B3C8793D-E038-4E92-B5EA-897CE5BFB597}.Debug|Any CPU.ActiveCfg = Debug|Any CPU
		{B3C8793D-E038-4E92-B5EA-897CE5BFB597}.Debug|Any CPU.Build.0 = Debug|Any CPU
		{B3C8793D-E038-4E92-B5EA-897CE5BFB597}.Release|Any CPU.ActiveCfg = Release|Any CPU
		{B3C8793D-E038-4E92-B5EA-897CE5BFB597}.Release|Any CPU.Build.0 = Release|Any CPU
		{699B713F-B7C5-4083-98EB-82EEBC44287A}.Debug|Any CPU.ActiveCfg = Debug|Any CPU
		{699B713F-B7C5-4083-98EB-82EEBC44287A}.Debug|Any CPU.Build.0 = Debug|Any CPU
		{699B713F-B7C5-4083-98EB-82EEBC44287A}.Release|Any CPU.ActiveCfg = Release|Any CPU
		{699B713F-B7C5-4083-98EB-82EEBC44287A}.Release|Any CPU.Build.0 = Release|Any CPU
		{7307115F-90CF-4E19-B169-BDEC51414762}.Debug|Any CPU.ActiveCfg = Debug|Any CPU
		{7307115F-90CF-4E19-B169-BDEC51414762}.Debug|Any CPU.Build.0 = Debug|Any CPU
		{7307115F-90CF-4E19-B169-BDEC51414762}.Release|Any CPU.ActiveCfg = Release|Any CPU
		{7307115F-90CF-4E19-B169-BDEC51414762}.Release|Any CPU.Build.0 = Release|Any CPU
		{4679BAF2-E29E-4154-9BAD-FC29382FE24F}.Debug|Any CPU.ActiveCfg = Debug|Any CPU
		{4679BAF2-E29E-4154-9BAD-FC29382FE24F}.Debug|Any CPU.Build.0 = Debug|Any CPU
		{4679BAF2-E29E-4154-9BAD-FC29382FE24F}.Release|Any CPU.ActiveCfg = Release|Any CPU
		{4679BAF2-E29E-4154-9BAD-FC29382FE24F}.Release|Any CPU.Build.0 = Release|Any CPU
		{3BB685ED-65EF-4487-8187-D1E732376BFF}.Debug|Any CPU.ActiveCfg = Debug|Any CPU
		{3BB685ED-65EF-4487-8187-D1E732376BFF}.Debug|Any CPU.Build.0 = Debug|Any CPU
		{3BB685ED-65EF-4487-8187-D1E732376BFF}.Release|Any CPU.ActiveCfg = Release|Any CPU
		{3BB685ED-65EF-4487-8187-D1E732376BFF}.Release|Any CPU.Build.0 = Release|Any CPU
		{C731C3FD-CDFC-4E65-A217-A70ADEA16736}.Debug|Any CPU.ActiveCfg = Debug|Any CPU
		{C731C3FD-CDFC-4E65-A217-A70ADEA16736}.Debug|Any CPU.Build.0 = Debug|Any CPU
		{C731C3FD-CDFC-4E65-A217-A70ADEA16736}.Release|Any CPU.ActiveCfg = Release|Any CPU
		{C731C3FD-CDFC-4E65-A217-A70ADEA16736}.Release|Any CPU.Build.0 = Release|Any CPU
		{4701020F-5C78-433C-B798-0E1C78C9E1BA}.Debug|Any CPU.ActiveCfg = Debug|Any CPU
		{4701020F-5C78-433C-B798-0E1C78C9E1BA}.Debug|Any CPU.Build.0 = Debug|Any CPU
		{4701020F-5C78-433C-B798-0E1C78C9E1BA}.Release|Any CPU.ActiveCfg = Release|Any CPU
		{4701020F-5C78-433C-B798-0E1C78C9E1BA}.Release|Any CPU.Build.0 = Release|Any CPU
		{FE5FFD2C-859F-48AD-9DE6-5ED7976A87CC}.Debug|Any CPU.ActiveCfg = Debug|Any CPU
		{FE5FFD2C-859F-48AD-9DE6-5ED7976A87CC}.Debug|Any CPU.Build.0 = Debug|Any CPU
		{FE5FFD2C-859F-48AD-9DE6-5ED7976A87CC}.Release|Any CPU.ActiveCfg = Release|Any CPU
		{FE5FFD2C-859F-48AD-9DE6-5ED7976A87CC}.Release|Any CPU.Build.0 = Release|Any CPU
		{7B62A5D9-1D89-4F17-AEF2-04688AEEF948}.Debug|Any CPU.ActiveCfg = Debug|Any CPU
		{7B62A5D9-1D89-4F17-AEF2-04688AEEF948}.Debug|Any CPU.Build.0 = Debug|Any CPU
		{7B62A5D9-1D89-4F17-AEF2-04688AEEF948}.Release|Any CPU.ActiveCfg = Release|Any CPU
		{7B62A5D9-1D89-4F17-AEF2-04688AEEF948}.Release|Any CPU.Build.0 = Release|Any CPU
		{74EDDB3F-5656-4F67-A37B-3797E6E76471}.Debug|Any CPU.ActiveCfg = Debug|Any CPU
		{74EDDB3F-5656-4F67-A37B-3797E6E76471}.Debug|Any CPU.Build.0 = Debug|Any CPU
		{74EDDB3F-5656-4F67-A37B-3797E6E76471}.Release|Any CPU.ActiveCfg = Release|Any CPU
		{74EDDB3F-5656-4F67-A37B-3797E6E76471}.Release|Any CPU.Build.0 = Release|Any CPU
		{F40D6BC4-4343-4B76-B59F-12F3D629795B}.Debug|Any CPU.ActiveCfg = Debug|Any CPU
		{F40D6BC4-4343-4B76-B59F-12F3D629795B}.Debug|Any CPU.Build.0 = Debug|Any CPU
		{F40D6BC4-4343-4B76-B59F-12F3D629795B}.Release|Any CPU.ActiveCfg = Release|Any CPU
		{F40D6BC4-4343-4B76-B59F-12F3D629795B}.Release|Any CPU.Build.0 = Release|Any CPU
	EndGlobalSection
	GlobalSection(SolutionProperties) = preSolution
		HideSolutionNode = FALSE
	EndGlobalSection
	GlobalSection(NestedProjects) = preSolution
		{B6622C2A-0BDA-4C7D-AB5B-04E0D968D005} = {4B42857C-FD8E-4EB6-B9D6-200FD3E19168}
		{A8AB2EF0-5F15-412B-84C0-494B6505B817} = {4B42857C-FD8E-4EB6-B9D6-200FD3E19168}
		{25138090-ED8C-47EC-A879-5394878A79C3} = {9C59A7AC-5C91-4BC5-97B7-72B20D752B2C}
		{B3C8793D-E038-4E92-B5EA-897CE5BFB597} = {4B42857C-FD8E-4EB6-B9D6-200FD3E19168}
		{699B713F-B7C5-4083-98EB-82EEBC44287A} = {9C59A7AC-5C91-4BC5-97B7-72B20D752B2C}
		{7307115F-90CF-4E19-B169-BDEC51414762} = {4B42857C-FD8E-4EB6-B9D6-200FD3E19168}
		{4679BAF2-E29E-4154-9BAD-FC29382FE24F} = {9C59A7AC-5C91-4BC5-97B7-72B20D752B2C}
		{3BB685ED-65EF-4487-8187-D1E732376BFF} = {9C59A7AC-5C91-4BC5-97B7-72B20D752B2C}
		{C731C3FD-CDFC-4E65-A217-A70ADEA16736} = {4B42857C-FD8E-4EB6-B9D6-200FD3E19168}
		{4701020F-5C78-433C-B798-0E1C78C9E1BA} = {B016A6FE-989C-4D52-B95D-C64C63BC8BB2}
		{FE5FFD2C-859F-48AD-9DE6-5ED7976A87CC} = {2E47474D-F9E3-49FD-816F-24CF3916ED4B}
		{2E47474D-F9E3-49FD-816F-24CF3916ED4B} = {4B42857C-FD8E-4EB6-B9D6-200FD3E19168}
		{7B62A5D9-1D89-4F17-AEF2-04688AEEF948} = {4B42857C-FD8E-4EB6-B9D6-200FD3E19168}
		{B016A6FE-989C-4D52-B95D-C64C63BC8BB2} = {4B42857C-FD8E-4EB6-B9D6-200FD3E19168}
		{74EDDB3F-5656-4F67-A37B-3797E6E76471} = {86970473-71D7-4657-AF44-39F7FDA85D45}
		{F40D6BC4-4343-4B76-B59F-12F3D629795B} = {2E47474D-F9E3-49FD-816F-24CF3916ED4B}
	EndGlobalSection
	GlobalSection(ExtensibilityGlobals) = postSolution
		SolutionGuid = {AED32BEA-7168-480C-BA57-E1182383356F}
	EndGlobalSection
EndGlobal
