
Microsoft Visual Studio Solution File, Format Version 12.00
# Visual Studio Version 17
VisualStudioVersion = 17.4.33110.190
MinimumVisualStudioVersion = 10.0.40219.1
Project("{2150E333-8FDC-42A3-9474-1A3956D46DE8}") = "common", "common", "{4B1B7D85-9A4D-4ECC-B361-5D7E24429657}"
	ProjectSection(SolutionItems) = preProject
		.editorconfig = .editorconfig
		CHANGELOG.md = CHANGELOG.md
		Directory.Build.props = Directory.Build.props
		Directory.Build.targets = Directory.Build.targets
		LICENSE = LICENSE
		README.md = README.md
	EndProjectSection
EndProject
Project("{2150E333-8FDC-42A3-9474-1A3956D46DE8}") = "src", "src", "{4B42857C-FD8E-4EB6-B9D6-200FD3E19168}"
EndProject
Project("{2150E333-8FDC-42A3-9474-1A3956D46DE8}") = "tests", "tests", "{9C59A7AC-5C91-4BC5-97B7-72B20D752B2C}"
EndProject
Project("{9A19103F-16F7-4668-BE54-9A1E7A4F7556}") = "Vertr.Exchange.Domain.Tests", "tests\Vertr.Exchange.Domain.Tests\Vertr.Exchange.Domain.Tests.csproj", "{6277C703-91BD-460E-97EC-A5B6EE679E5E}"
EndProject
Project("{9A19103F-16F7-4668-BE54-9A1E7A4F7556}") = "Vertr.Exchange.Common", "src\Vertr.Exchange.Common\Vertr.Exchange.Common.csproj", "{B6622C2A-0BDA-4C7D-AB5B-04E0D968D005}"
EndProject
Project("{9A19103F-16F7-4668-BE54-9A1E7A4F7556}") = "Vertr.Exchange.MatchingEngine", "src\Vertr.Exchange.MatchingEngine\Vertr.Exchange.MatchingEngine.csproj", "{A8AB2EF0-5F15-412B-84C0-494B6505B817}"
EndProject
Global
	GlobalSection(SolutionConfigurationPlatforms) = preSolution
		Debug|Any CPU = Debug|Any CPU
		Release|Any CPU = Release|Any CPU
	EndGlobalSection
	GlobalSection(ProjectConfigurationPlatforms) = postSolution
		{6277C703-91BD-460E-97EC-A5B6EE679E5E}.Debug|Any CPU.ActiveCfg = Debug|Any CPU
		{6277C703-91BD-460E-97EC-A5B6EE679E5E}.Debug|Any CPU.Build.0 = Debug|Any CPU
		{6277C703-91BD-460E-97EC-A5B6EE679E5E}.Release|Any CPU.ActiveCfg = Release|Any CPU
		{6277C703-91BD-460E-97EC-A5B6EE679E5E}.Release|Any CPU.Build.0 = Release|Any CPU
		{B6622C2A-0BDA-4C7D-AB5B-04E0D968D005}.Debug|Any CPU.ActiveCfg = Debug|Any CPU
		{B6622C2A-0BDA-4C7D-AB5B-04E0D968D005}.Debug|Any CPU.Build.0 = Debug|Any CPU
		{B6622C2A-0BDA-4C7D-AB5B-04E0D968D005}.Release|Any CPU.ActiveCfg = Release|Any CPU
		{B6622C2A-0BDA-4C7D-AB5B-04E0D968D005}.Release|Any CPU.Build.0 = Release|Any CPU
		{A8AB2EF0-5F15-412B-84C0-494B6505B817}.Debug|Any CPU.ActiveCfg = Debug|Any CPU
		{A8AB2EF0-5F15-412B-84C0-494B6505B817}.Debug|Any CPU.Build.0 = Debug|Any CPU
		{A8AB2EF0-5F15-412B-84C0-494B6505B817}.Release|Any CPU.ActiveCfg = Release|Any CPU
		{A8AB2EF0-5F15-412B-84C0-494B6505B817}.Release|Any CPU.Build.0 = Release|Any CPU
	EndGlobalSection
	GlobalSection(SolutionProperties) = preSolution
		HideSolutionNode = FALSE
	EndGlobalSection
	GlobalSection(NestedProjects) = preSolution
		{6277C703-91BD-460E-97EC-A5B6EE679E5E} = {9C59A7AC-5C91-4BC5-97B7-72B20D752B2C}
		{B6622C2A-0BDA-4C7D-AB5B-04E0D968D005} = {4B42857C-FD8E-4EB6-B9D6-200FD3E19168}
		{A8AB2EF0-5F15-412B-84C0-494B6505B817} = {4B42857C-FD8E-4EB6-B9D6-200FD3E19168}
	EndGlobalSection
	GlobalSection(ExtensibilityGlobals) = postSolution
		SolutionGuid = {AED32BEA-7168-480C-BA57-E1182383356F}
	EndGlobalSection
EndGlobal
