
Microsoft Visual Studio Solution File, Format Version 12.00
# Visual Studio Version 17
VisualStudioVersion = 17.4.33110.190
MinimumVisualStudioVersion = 10.0.40219.1
Project("{2150E333-8FDC-42A3-9474-1A3956D46DE8}") = "common", "common", "{4B1B7D85-9A4D-4ECC-B361-5D7E24429657}"
	ProjectSection(SolutionItems) = preProject
		.editorconfig = .editorconfig
		CHANGELOG.md = CHANGELOG.md
		Directory.Build.props = Directory.Build.props
		LICENSE = LICENSE
		README.md = README.md
	EndProjectSection
EndProject
Project("{2150E333-8FDC-42A3-9474-1A3956D46DE8}") = "src", "src", "{4B42857C-FD8E-4EB6-B9D6-200FD3E19168}"
EndProject
Project("{2150E333-8FDC-42A3-9474-1A3956D46DE8}") = "tests", "tests", "{9C59A7AC-5C91-4BC5-97B7-72B20D752B2C}"
EndProject
Project("{9A19103F-16F7-4668-BE54-9A1E7A4F7556}") = "Vertr.Exchange.Common", "src\Vertr.Exchange.Common\Vertr.Exchange.Common.csproj", "{B6622C2A-0BDA-4C7D-AB5B-04E0D968D005}"
EndProject
Project("{9A19103F-16F7-4668-BE54-9A1E7A4F7556}") = "Vertr.Exchange.MatchingEngine", "src\Vertr.Exchange.MatchingEngine\Vertr.Exchange.MatchingEngine.csproj", "{A8AB2EF0-5F15-412B-84C0-494B6505B817}"
EndProject
Project("{9A19103F-16F7-4668-BE54-9A1E7A4F7556}") = "Vertr.Exchange.MatchingEngine.Tests", "tests\Vertr.Exchange.MatchingEngine.Tests\Vertr.Exchange.MatchingEngine.Tests.csproj", "{25138090-ED8C-47EC-A879-5394878A79C3}"
EndProject
Project("{9A19103F-16F7-4668-BE54-9A1E7A4F7556}") = "Vertr.Exchange.RiskEngine", "src\Vertr.Exchange.RiskEngine\Vertr.Exchange.RiskEngine.csproj", "{B3C8793D-E038-4E92-B5EA-897CE5BFB597}"
EndProject
Project("{9A19103F-16F7-4668-BE54-9A1E7A4F7556}") = "Vertr.Exchange.RiskEngine.Tests", "tests\Vertr.Exchange.RiskEngine.Tests\Vertr.Exchange.RiskEngine.Tests.csproj", "{699B713F-B7C5-4083-98EB-82EEBC44287A}"
EndProject
Project("{9A19103F-16F7-4668-BE54-9A1E7A4F7556}") = "Vertr.Exchange.Accounts", "src\Vertr.Exchange.Accounts\Vertr.Exchange.Accounts.csproj", "{7307115F-90CF-4E19-B169-BDEC51414762}"
EndProject
Project("{9A19103F-16F7-4668-BE54-9A1E7A4F7556}") = "Vertr.Exchange.Accounts.Tests", "tests\Vertr.Exchange.Accounts.Tests\Vertr.Exchange.Accounts.Tests.csproj", "{4679BAF2-E29E-4154-9BAD-FC29382FE24F}"
EndProject
Project("{9A19103F-16F7-4668-BE54-9A1E7A4F7556}") = "Vertr.Exchange.Api.Tests", "tests\Vertr.Exchange.Api.Tests\Vertr.Exchange.Api.Tests.csproj", "{3BB685ED-65EF-4487-8187-D1E732376BFF}"
EndProject
Project("{9A19103F-16F7-4668-BE54-9A1E7A4F7556}") = "Vertr.Exchange.Api", "src\Vertr.Exchange.Api\Vertr.Exchange.Api.csproj", "{C731C3FD-CDFC-4E65-A217-A70ADEA16736}"
EndProject
Project("{9A19103F-16F7-4668-BE54-9A1E7A4F7556}") = "Vertr.Exchange.Tests.Stubs", "tests\Vertr.Exchange.Tests.Stubs\Vertr.Exchange.Tests.Stubs.csproj", "{BCC22B40-DF47-47FB-A85E-134C26D771DF}"
EndProject
Project("{9A19103F-16F7-4668-BE54-9A1E7A4F7556}") = "Vertr.Exchange.Client.ConsoleApp", "src\Vertr.Exchange.Client.ConsoleApp\Vertr.Exchange.Client.ConsoleApp.csproj", "{7D1CF456-739A-4E7E-8B47-08E2F9DC3B05}"
EndProject
Project("{2150E333-8FDC-42A3-9474-1A3956D46DE8}") = "Domain", "Domain", "{420E5B40-93B1-4EB8-BAAC-8D5DABD6C0EE}"
EndProject
Project("{2150E333-8FDC-42A3-9474-1A3956D46DE8}") = "Domain", "Domain", "{EEE60FB7-9991-4CCA-B727-5F59F3939ED3}"
EndProject
Project("{2150E333-8FDC-42A3-9474-1A3956D46DE8}") = "Application", "Application", "{9D8A54B3-746B-4E47-8C0D-4629FA41661F}"
EndProject
Project("{9A19103F-16F7-4668-BE54-9A1E7A4F7556}") = "Vertr.Exchange.Core", "src\Vertr.Exchange.Core\Vertr.Exchange.Core.csproj", "{13044453-0073-488B-974A-F2AF43DEA859}"
EndProject
Project("{2150E333-8FDC-42A3-9474-1A3956D46DE8}") = "Application", "Application", "{DC519F6E-60B3-4907-B183-64209016A43B}"
EndProject
Project("{9A19103F-16F7-4668-BE54-9A1E7A4F7556}") = "Vertr.Exchange.Core.Tests", "tests\Vertr.Exchange.Core.Tests\Vertr.Exchange.Core.Tests.csproj", "{56972501-2CD8-4F04-A453-06E38FE4FFD4}"
EndProject
Project("{9A19103F-16F7-4668-BE54-9A1E7A4F7556}") = "Vertr.Exchange.Server", "src\Vertr.Exchange.Server\Vertr.Exchange.Server.csproj", "{4701020F-5C78-433C-B798-0E1C78C9E1BA}"
EndProject
Project("{2150E333-8FDC-42A3-9474-1A3956D46DE8}") = "Infrastructure", "Infrastructure", "{4F6FEE6A-EA52-4E45-AA8C-D6BEC7389DD5}"
EndProject
Project("{9A19103F-16F7-4668-BE54-9A1E7A4F7556}") = "Vertr.Exchange.Client.Host", "src\Vertr.Exchange.Client.Host\Vertr.Exchange.Client.Host.csproj", "{067F38FA-0830-4C5C-A6A3-04084ACD067E}"
EndProject
Project("{FAE04EC0-301F-11D3-BF4B-00C04F79EFBC}") = "Vertr.Exchange.Contracts", "src\Vertr.Exchange.Contracts\Vertr.Exchange.Contracts.csproj", "{FE5FFD2C-859F-48AD-9DE6-5ED7976A87CC}"
EndProject
Project("{9A19103F-16F7-4668-BE54-9A1E7A4F7556}") = "Vertr.Exchange.Client.Host.ApiClient", "src\Vertr.Exchange.Client.Host.ApiClient\Vertr.Exchange.Client.Host.ApiClient.csproj", "{2FF4050C-0C87-46A7-AF39-A81B97B908CC}"
EndProject
Global
	GlobalSection(SolutionConfigurationPlatforms) = preSolution
		Debug|Any CPU = Debug|Any CPU
		Release|Any CPU = Release|Any CPU
	EndGlobalSection
	GlobalSection(ProjectConfigurationPlatforms) = postSolution
		{B6622C2A-0BDA-4C7D-AB5B-04E0D968D005}.Debug|Any CPU.ActiveCfg = Debug|Any CPU
		{B6622C2A-0BDA-4C7D-AB5B-04E0D968D005}.Debug|Any CPU.Build.0 = Debug|Any CPU
		{B6622C2A-0BDA-4C7D-AB5B-04E0D968D005}.Release|Any CPU.ActiveCfg = Release|Any CPU
		{B6622C2A-0BDA-4C7D-AB5B-04E0D968D005}.Release|Any CPU.Build.0 = Release|Any CPU
		{A8AB2EF0-5F15-412B-84C0-494B6505B817}.Debug|Any CPU.ActiveCfg = Debug|Any CPU
		{A8AB2EF0-5F15-412B-84C0-494B6505B817}.Debug|Any CPU.Build.0 = Debug|Any CPU
		{A8AB2EF0-5F15-412B-84C0-494B6505B817}.Release|Any CPU.ActiveCfg = Release|Any CPU
		{A8AB2EF0-5F15-412B-84C0-494B6505B817}.Release|Any CPU.Build.0 = Release|Any CPU
		{25138090-ED8C-47EC-A879-5394878A79C3}.Debug|Any CPU.ActiveCfg = Debug|Any CPU
		{25138090-ED8C-47EC-A879-5394878A79C3}.Debug|Any CPU.Build.0 = Debug|Any CPU
		{25138090-ED8C-47EC-A879-5394878A79C3}.Release|Any CPU.ActiveCfg = Release|Any CPU
		{25138090-ED8C-47EC-A879-5394878A79C3}.Release|Any CPU.Build.0 = Release|Any CPU
		{B3C8793D-E038-4E92-B5EA-897CE5BFB597}.Debug|Any CPU.ActiveCfg = Debug|Any CPU
		{B3C8793D-E038-4E92-B5EA-897CE5BFB597}.Debug|Any CPU.Build.0 = Debug|Any CPU
		{B3C8793D-E038-4E92-B5EA-897CE5BFB597}.Release|Any CPU.ActiveCfg = Release|Any CPU
		{B3C8793D-E038-4E92-B5EA-897CE5BFB597}.Release|Any CPU.Build.0 = Release|Any CPU
		{699B713F-B7C5-4083-98EB-82EEBC44287A}.Debug|Any CPU.ActiveCfg = Debug|Any CPU
		{699B713F-B7C5-4083-98EB-82EEBC44287A}.Debug|Any CPU.Build.0 = Debug|Any CPU
		{699B713F-B7C5-4083-98EB-82EEBC44287A}.Release|Any CPU.ActiveCfg = Release|Any CPU
		{699B713F-B7C5-4083-98EB-82EEBC44287A}.Release|Any CPU.Build.0 = Release|Any CPU
		{7307115F-90CF-4E19-B169-BDEC51414762}.Debug|Any CPU.ActiveCfg = Debug|Any CPU
		{7307115F-90CF-4E19-B169-BDEC51414762}.Debug|Any CPU.Build.0 = Debug|Any CPU
		{7307115F-90CF-4E19-B169-BDEC51414762}.Release|Any CPU.ActiveCfg = Release|Any CPU
		{7307115F-90CF-4E19-B169-BDEC51414762}.Release|Any CPU.Build.0 = Release|Any CPU
		{4679BAF2-E29E-4154-9BAD-FC29382FE24F}.Debug|Any CPU.ActiveCfg = Debug|Any CPU
		{4679BAF2-E29E-4154-9BAD-FC29382FE24F}.Debug|Any CPU.Build.0 = Debug|Any CPU
		{4679BAF2-E29E-4154-9BAD-FC29382FE24F}.Release|Any CPU.ActiveCfg = Release|Any CPU
		{4679BAF2-E29E-4154-9BAD-FC29382FE24F}.Release|Any CPU.Build.0 = Release|Any CPU
		{3BB685ED-65EF-4487-8187-D1E732376BFF}.Debug|Any CPU.ActiveCfg = Debug|Any CPU
		{3BB685ED-65EF-4487-8187-D1E732376BFF}.Debug|Any CPU.Build.0 = Debug|Any CPU
		{3BB685ED-65EF-4487-8187-D1E732376BFF}.Release|Any CPU.ActiveCfg = Release|Any CPU
		{3BB685ED-65EF-4487-8187-D1E732376BFF}.Release|Any CPU.Build.0 = Release|Any CPU
		{C731C3FD-CDFC-4E65-A217-A70ADEA16736}.Debug|Any CPU.ActiveCfg = Debug|Any CPU
		{C731C3FD-CDFC-4E65-A217-A70ADEA16736}.Debug|Any CPU.Build.0 = Debug|Any CPU
		{C731C3FD-CDFC-4E65-A217-A70ADEA16736}.Release|Any CPU.ActiveCfg = Release|Any CPU
		{C731C3FD-CDFC-4E65-A217-A70ADEA16736}.Release|Any CPU.Build.0 = Release|Any CPU
		{BCC22B40-DF47-47FB-A85E-134C26D771DF}.Debug|Any CPU.ActiveCfg = Debug|Any CPU
		{BCC22B40-DF47-47FB-A85E-134C26D771DF}.Debug|Any CPU.Build.0 = Debug|Any CPU
		{BCC22B40-DF47-47FB-A85E-134C26D771DF}.Release|Any CPU.ActiveCfg = Release|Any CPU
		{BCC22B40-DF47-47FB-A85E-134C26D771DF}.Release|Any CPU.Build.0 = Release|Any CPU
		{7D1CF456-739A-4E7E-8B47-08E2F9DC3B05}.Debug|Any CPU.ActiveCfg = Debug|Any CPU
		{7D1CF456-739A-4E7E-8B47-08E2F9DC3B05}.Debug|Any CPU.Build.0 = Debug|Any CPU
		{7D1CF456-739A-4E7E-8B47-08E2F9DC3B05}.Release|Any CPU.ActiveCfg = Release|Any CPU
		{7D1CF456-739A-4E7E-8B47-08E2F9DC3B05}.Release|Any CPU.Build.0 = Release|Any CPU
		{13044453-0073-488B-974A-F2AF43DEA859}.Debug|Any CPU.ActiveCfg = Debug|Any CPU
		{13044453-0073-488B-974A-F2AF43DEA859}.Debug|Any CPU.Build.0 = Debug|Any CPU
		{13044453-0073-488B-974A-F2AF43DEA859}.Release|Any CPU.ActiveCfg = Release|Any CPU
		{13044453-0073-488B-974A-F2AF43DEA859}.Release|Any CPU.Build.0 = Release|Any CPU
		{56972501-2CD8-4F04-A453-06E38FE4FFD4}.Debug|Any CPU.ActiveCfg = Debug|Any CPU
		{56972501-2CD8-4F04-A453-06E38FE4FFD4}.Debug|Any CPU.Build.0 = Debug|Any CPU
		{56972501-2CD8-4F04-A453-06E38FE4FFD4}.Release|Any CPU.ActiveCfg = Release|Any CPU
		{56972501-2CD8-4F04-A453-06E38FE4FFD4}.Release|Any CPU.Build.0 = Release|Any CPU
		{4701020F-5C78-433C-B798-0E1C78C9E1BA}.Debug|Any CPU.ActiveCfg = Debug|Any CPU
		{4701020F-5C78-433C-B798-0E1C78C9E1BA}.Debug|Any CPU.Build.0 = Debug|Any CPU
		{4701020F-5C78-433C-B798-0E1C78C9E1BA}.Release|Any CPU.ActiveCfg = Release|Any CPU
		{4701020F-5C78-433C-B798-0E1C78C9E1BA}.Release|Any CPU.Build.0 = Release|Any CPU
		{067F38FA-0830-4C5C-A6A3-04084ACD067E}.Debug|Any CPU.ActiveCfg = Debug|Any CPU
		{067F38FA-0830-4C5C-A6A3-04084ACD067E}.Debug|Any CPU.Build.0 = Debug|Any CPU
		{067F38FA-0830-4C5C-A6A3-04084ACD067E}.Release|Any CPU.ActiveCfg = Release|Any CPU
		{067F38FA-0830-4C5C-A6A3-04084ACD067E}.Release|Any CPU.Build.0 = Release|Any CPU
		{FE5FFD2C-859F-48AD-9DE6-5ED7976A87CC}.Debug|Any CPU.ActiveCfg = Debug|Any CPU
		{FE5FFD2C-859F-48AD-9DE6-5ED7976A87CC}.Debug|Any CPU.Build.0 = Debug|Any CPU
		{FE5FFD2C-859F-48AD-9DE6-5ED7976A87CC}.Release|Any CPU.ActiveCfg = Release|Any CPU
		{FE5FFD2C-859F-48AD-9DE6-5ED7976A87CC}.Release|Any CPU.Build.0 = Release|Any CPU
		{2FF4050C-0C87-46A7-AF39-A81B97B908CC}.Debug|Any CPU.ActiveCfg = Debug|Any CPU
		{2FF4050C-0C87-46A7-AF39-A81B97B908CC}.Debug|Any CPU.Build.0 = Debug|Any CPU
		{2FF4050C-0C87-46A7-AF39-A81B97B908CC}.Release|Any CPU.ActiveCfg = Release|Any CPU
		{2FF4050C-0C87-46A7-AF39-A81B97B908CC}.Release|Any CPU.Build.0 = Release|Any CPU
	EndGlobalSection
	GlobalSection(SolutionProperties) = preSolution
		HideSolutionNode = FALSE
	EndGlobalSection
	GlobalSection(NestedProjects) = preSolution
		{B6622C2A-0BDA-4C7D-AB5B-04E0D968D005} = {420E5B40-93B1-4EB8-BAAC-8D5DABD6C0EE}
		{A8AB2EF0-5F15-412B-84C0-494B6505B817} = {420E5B40-93B1-4EB8-BAAC-8D5DABD6C0EE}
		{25138090-ED8C-47EC-A879-5394878A79C3} = {EEE60FB7-9991-4CCA-B727-5F59F3939ED3}
		{B3C8793D-E038-4E92-B5EA-897CE5BFB597} = {420E5B40-93B1-4EB8-BAAC-8D5DABD6C0EE}
		{699B713F-B7C5-4083-98EB-82EEBC44287A} = {EEE60FB7-9991-4CCA-B727-5F59F3939ED3}
		{7307115F-90CF-4E19-B169-BDEC51414762} = {420E5B40-93B1-4EB8-BAAC-8D5DABD6C0EE}
		{4679BAF2-E29E-4154-9BAD-FC29382FE24F} = {EEE60FB7-9991-4CCA-B727-5F59F3939ED3}
		{3BB685ED-65EF-4487-8187-D1E732376BFF} = {DC519F6E-60B3-4907-B183-64209016A43B}
		{C731C3FD-CDFC-4E65-A217-A70ADEA16736} = {9D8A54B3-746B-4E47-8C0D-4629FA41661F}
		{BCC22B40-DF47-47FB-A85E-134C26D771DF} = {9C59A7AC-5C91-4BC5-97B7-72B20D752B2C}
		{7D1CF456-739A-4E7E-8B47-08E2F9DC3B05} = {4F6FEE6A-EA52-4E45-AA8C-D6BEC7389DD5}
		{420E5B40-93B1-4EB8-BAAC-8D5DABD6C0EE} = {4B42857C-FD8E-4EB6-B9D6-200FD3E19168}
		{EEE60FB7-9991-4CCA-B727-5F59F3939ED3} = {9C59A7AC-5C91-4BC5-97B7-72B20D752B2C}
		{9D8A54B3-746B-4E47-8C0D-4629FA41661F} = {4B42857C-FD8E-4EB6-B9D6-200FD3E19168}
		{13044453-0073-488B-974A-F2AF43DEA859} = {9D8A54B3-746B-4E47-8C0D-4629FA41661F}
		{DC519F6E-60B3-4907-B183-64209016A43B} = {9C59A7AC-5C91-4BC5-97B7-72B20D752B2C}
		{56972501-2CD8-4F04-A453-06E38FE4FFD4} = {DC519F6E-60B3-4907-B183-64209016A43B}
		{4701020F-5C78-433C-B798-0E1C78C9E1BA} = {4F6FEE6A-EA52-4E45-AA8C-D6BEC7389DD5}
		{4F6FEE6A-EA52-4E45-AA8C-D6BEC7389DD5} = {4B42857C-FD8E-4EB6-B9D6-200FD3E19168}
		{067F38FA-0830-4C5C-A6A3-04084ACD067E} = {4F6FEE6A-EA52-4E45-AA8C-D6BEC7389DD5}
		{FE5FFD2C-859F-48AD-9DE6-5ED7976A87CC} = {4F6FEE6A-EA52-4E45-AA8C-D6BEC7389DD5}
		{2FF4050C-0C87-46A7-AF39-A81B97B908CC} = {4F6FEE6A-EA52-4E45-AA8C-D6BEC7389DD5}
	EndGlobalSection
	GlobalSection(ExtensibilityGlobals) = postSolution
		SolutionGuid = {AED32BEA-7168-480C-BA57-E1182383356F}
	EndGlobalSection
EndGlobal
